
Microsoft Visual Studio Solution File, Format Version 12.00
# Visual Studio 2013
VisualStudioVersion = 12.0.31101.0
MinimumVisualStudioVersion = 10.0.40219.1
Project("{FAE04EC0-301F-11D3-BF4B-00C04F79EFBC}") = "GearHost.Core", "GearHost.Core\GearHost.Core.csproj", "{8D0407FC-1B98-4900-9696-776B99D1CAD9}"
EndProject
Project("{FAE04EC0-301F-11D3-BF4B-00C04F79EFBC}") = "GearHost.CoreTests", "GearHost.CoreTests\GearHost.CoreTests.csproj", "{64E59240-F866-4CF6-BAE1-31ADE36C27F9}"
EndProject
Global
	GlobalSection(SolutionConfigurationPlatforms) = preSolution
		Debug|Any CPU = Debug|Any CPU
		Release|Any CPU = Release|Any CPU
	EndGlobalSection
	GlobalSection(ProjectConfigurationPlatforms) = postSolution
		{8D0407FC-1B98-4900-9696-776B99D1CAD9}.Debug|Any CPU.ActiveCfg = Debug|Any CPU
		{8D0407FC-1B98-4900-9696-776B99D1CAD9}.Debug|Any CPU.Build.0 = Debug|Any CPU
		{8D0407FC-1B98-4900-9696-776B99D1CAD9}.Release|Any CPU.ActiveCfg = Release|Any CPU
		{8D0407FC-1B98-4900-9696-776B99D1CAD9}.Release|Any CPU.Build.0 = Release|Any CPU
		{64E59240-F866-4CF6-BAE1-31ADE36C27F9}.Debug|Any CPU.ActiveCfg = Debug|Any CPU
		{64E59240-F866-4CF6-BAE1-31ADE36C27F9}.Debug|Any CPU.Build.0 = Debug|Any CPU
		{64E59240-F866-4CF6-BAE1-31ADE36C27F9}.Release|Any CPU.ActiveCfg = Release|Any CPU
		{64E59240-F866-4CF6-BAE1-31ADE36C27F9}.Release|Any CPU.Build.0 = Release|Any CPU
	EndGlobalSection
	GlobalSection(SolutionProperties) = preSolution
		HideSolutionNode = FALSE
	EndGlobalSection
EndGlobal
